# THIS IS AN AUTOGENERATED FILE. DO NOT EDIT THIS FILE DIRECTLY.
# yarn lockfile v1


"@dprint/darwin-arm64@0.40.2":
  version "0.40.2"
  resolved "https://registry.yarnpkg.com/@dprint/darwin-arm64/-/darwin-arm64-0.40.2.tgz#b77535c3e0d3e6c15eafe4db290f42f1c456da4a"
  integrity sha512-qharMFhxpNq9brgvHLbqzzAgVgPWSHLfzNLwWWhKcGOUUDUIilfAo3SlvOz6w4nQiIifLpYZOvZqK7Lpf9mSSw==

"@dprint/darwin-x64@0.40.2":
  version "0.40.2"
  resolved "https://registry.yarnpkg.com/@dprint/darwin-x64/-/darwin-x64-0.40.2.tgz#06fe3f4ed700ea6ef617ebd199269ef4371b9dfa"
  integrity sha512-FPDdOTVr1JfqtLBTCvqlihWslTy3LBUoi3H1gaqIazCKMj2dB9voFWkBiMT+REMHDrlVsoSpFAfsliNr/y7HPA==

"@dprint/linux-arm64-glibc@0.40.2":
  version "0.40.2"
  resolved "https://registry.yarnpkg.com/@dprint/linux-arm64-glibc/-/linux-arm64-glibc-0.40.2.tgz#417ca4baa4be2fb0ff717188c48512b96435cd86"
  integrity sha512-GmUWfKwEwXA+onvewX9hEJSMcd9V184+uRbEhI5tG28tBP9+IjQhrY7jCjxPvaZA+EvzNPnAy5D1wbJdlNLBNA==

"@dprint/linux-x64-glibc@0.40.2":
  version "0.40.2"
  resolved "https://registry.yarnpkg.com/@dprint/linux-x64-glibc/-/linux-x64-glibc-0.40.2.tgz#fbb3c2e881452e26ac230c0c1a6a818edb68a862"
  integrity sha512-vMHAHdsOY+2thieSWbIrIioDfPgvipwUgd0MZUWOqycTrXU6kLyi2B+5J/2Jc+QO3CiLIbumQd2FH/0vB1eWqA==

"@dprint/linux-x64-musl@0.40.2":
  version "0.40.2"
  resolved "https://registry.yarnpkg.com/@dprint/linux-x64-musl/-/linux-x64-musl-0.40.2.tgz#af6cbc6487cd0dc87d5401991f1be4b0d16e7629"
  integrity sha512-nFSbDWd9ORyOhJ7a+RmE39WbuPoQ3OQutIgfAmfikiu/wENzEwxxv4QJ7aFnBaoZb0wuVEEpXShr8vY4p0exkg==

"@dprint/win32-x64@0.40.2":
  version "0.40.2"
  resolved "https://registry.yarnpkg.com/@dprint/win32-x64/-/win32-x64-0.40.2.tgz#42b7763a73e91bf95b62b0e90bca49c7b193bb4e"
  integrity sha512-qF4VCQzFTZYD61lbQqXLU/IwUTbLK22CancO+uVtXmZRoKU9GaVjcBhMUB7URxsa8rvxWHhHT6ldillI/aOWCg==

"@types/node@^20.5.6":
  version "20.5.7"
  resolved "https://registry.yarnpkg.com/@types/node/-/node-20.5.7.tgz#4b8ecac87fbefbc92f431d09c30e176fc0a7c377"
  integrity sha512-dP7f3LdZIysZnmvP3ANJYTSwg+wLLl8p7RqniVlV7j+oXSXAbt9h0WIBFmJy5inWZoX9wZN6eXx+YXd9Rh3RBA==

"@types/tesseract.js@^2.0.0":
  version "2.0.0"
  resolved "https://registry.yarnpkg.com/@types/tesseract.js/-/tesseract.js-2.0.0.tgz#f5a6e44ee67460f300164dd0e68c29e15b9bb89c"
  integrity sha512-t0uNy5L9Ynp/O/fu0+75/ot7lWZZRlwsVwaPQOeYud/V6a0B/JjfYvwnrA4TV6+R9xc1ioRLukqjhI8Spy5diw==
  dependencies:
    tesseract.js "*"

bmp-js@^0.1.0:
  version "0.1.0"
  resolved "https://registry.yarnpkg.com/bmp-js/-/bmp-js-0.1.0.tgz#e05a63f796a6c1ff25f4771ec7adadc148c07233"
  integrity sha512-vHdS19CnY3hwiNdkaqk93DvjVLfbEcI8mys4UjuWrlX1haDmroo8o4xCzh4wD6DGV6HxRCyauwhHRqMTfERtjw==

dprint@^0.40.2:
  version "0.40.2"
  resolved "https://registry.yarnpkg.com/dprint/-/dprint-0.40.2.tgz#63fc61bdb53af66a97481d9f8103185cb447b466"
  integrity sha512-3LdyUV0itEW59UPtsRA2StOWOu8FyOW+BgvJpH/tACRHKi0z5gaQnvSxdS3mbG7dgtEhdRnGg6JoiQyGib6NTg==
  optionalDependencies:
    "@dprint/darwin-arm64" "0.40.2"
    "@dprint/darwin-x64" "0.40.2"
    "@dprint/linux-arm64-glibc" "0.40.2"
    "@dprint/linux-x64-glibc" "0.40.2"
    "@dprint/linux-x64-musl" "0.40.2"
    "@dprint/win32-x64" "0.40.2"

idb-keyval@^6.2.0:
  version "6.2.1"
  resolved "https://registry.yarnpkg.com/idb-keyval/-/idb-keyval-6.2.1.tgz#94516d625346d16f56f3b33855da11bfded2db33"
  integrity sha512-8Sb3veuYCyrZL+VBt9LJfZjLUPWVvqn8tG28VqYNFCo43KHcKuq+b4EiXGeuaLAQWL2YmyDgMp2aSpH9JHsEQg==

is-electron@^2.2.2:
  version "2.2.2"
  resolved "https://registry.yarnpkg.com/is-electron/-/is-electron-2.2.2.tgz#3778902a2044d76de98036f5dc58089ac4d80bb9"
  integrity sha512-FO/Rhvz5tuw4MCWkpMzHFKWD2LsfHzIb7i6MdPYZ/KW7AlxawyLkqdy+jPZP1WubqEADE3O4FUENlJHDfQASRg==

is-url@^1.2.4:
  version "1.2.4"
  resolved "https://registry.yarnpkg.com/is-url/-/is-url-1.2.4.tgz#04a4df46d28c4cff3d73d01ff06abeb318a1aa52"
  integrity sha512-ITvGim8FhRiYe4IQ5uHSkj7pVaPDrCTkNd3yq3cV7iZAcJdHTUMPMEHcqSOy9xZ9qFenQCvi+2wjH9a1nXqHww==

node-fetch@^2.6.9:
  version "2.7.0"
  resolved "https://registry.yarnpkg.com/node-fetch/-/node-fetch-2.7.0.tgz#d0f0fa6e3e2dc1d27efcd8ad99d550bda94d187d"
  integrity sha512-c4FRfUm/dbcWZ7U+1Wq0AwCyFL+3nt2bEw05wfxSz+DWpWsitgmSgYmy2dQdWyKC1694ELPqMs/YzUSNozLt8A==
  dependencies:
    whatwg-url "^5.0.0"

opencollective-postinstall@^2.0.3:
  version "2.0.3"
  resolved "https://registry.yarnpkg.com/opencollective-postinstall/-/opencollective-postinstall-2.0.3.tgz#7a0fff978f6dbfa4d006238fbac98ed4198c3259"
  integrity sha512-8AV/sCtuzUeTo8gQK5qDZzARrulB3egtLzFgteqB2tcT4Mw7B8Kt7JcDHmltjz6FOAHsvTevk70gZEbhM4ZS9Q==

regenerator-runtime@^0.13.3:
  version "0.13.11"
  resolved "https://registry.yarnpkg.com/regenerator-runtime/-/regenerator-runtime-0.13.11.tgz#f6dca3e7ceec20590d07ada785636a90cdca17f9"
  integrity sha512-kY1AZVr2Ra+t+piVaJ4gxaFaReZVH40AKNo7UCX6W+dEwBo/2oZJzqfuN1qLq1oL45o56cPaTXELwrTh8Fpggg==

tesseract.js-core@^4.0.4:
  version "4.0.4"
  resolved "https://registry.yarnpkg.com/tesseract.js-core/-/tesseract.js-core-4.0.4.tgz#6710744a02cb538a83fbb7aafc2e7be204f76eb3"
  integrity sha512-MJ+vtktjAaT0681uPl6TDUPhbRbpD/S9emko5rtorgHRZpQo7R3BG7h+3pVHgn1KjfNf1bvnx4B7KxEK8YKqpg==

tesseract.js@*, tesseract.js@^4.1.1:
  version "4.1.2"
  resolved "https://registry.yarnpkg.com/tesseract.js/-/tesseract.js-4.1.2.tgz#61a8e9c5d53bf813101a69da624a9dc55b75709c"
  integrity sha512-riCr/rbwt0siIf/HiC0W2J/6ndbEcRWVZvwTxeDRPgMwP4douBLYq7i4NgMigWAmJea7GA0r3XGLa2GknRYmPA==
  dependencies:
    bmp-js "^0.1.0"
    idb-keyval "^6.2.0"
    is-electron "^2.2.2"
    is-url "^1.2.4"
    node-fetch "^2.6.9"
    opencollective-postinstall "^2.0.3"
    regenerator-runtime "^0.13.3"
    tesseract.js-core "^4.0.4"
    wasm-feature-detect "^1.2.11"
    zlibjs "^0.3.1"

tr46@~0.0.3:
  version "0.0.3"
  resolved "https://registry.yarnpkg.com/tr46/-/tr46-0.0.3.tgz#8184fd347dac9cdc185992f3a6622e14b9d9ab6a"
  integrity sha512-N3WMsuqV66lT30CrXNbEjx4GEwlow3v6rr4mCcv6prnfwhS01rkgyFdjPNBYd9br7LpXV1+Emh01fHnq2Gdgrw==

wasm-feature-detect@^1.2.11:
  version "1.5.1"
  resolved "https://registry.yarnpkg.com/wasm-feature-detect/-/wasm-feature-detect-1.5.1.tgz#0db57a7d7f8c26b743dde85386215ae2b135e78a"
  integrity sha512-GHr23qmuehNXHY4902/hJ6EV5sUANIJC3R/yMfQ7hWDg3nfhlcJfnIL96R2ohpIwa62araN6aN4bLzzzq5GXkg==

webidl-conversions@^3.0.0:
  version "3.0.1"
  resolved "https://registry.yarnpkg.com/webidl-conversions/-/webidl-conversions-3.0.1.tgz#24534275e2a7bc6be7bc86611cc16ae0a5654871"
  integrity sha512-2JAn3z8AR6rjK8Sm8orRC0h/bcl/DqL7tRPdGZ4I1CjdF+EaMLmYxBHyXuKL849eucPFhvBoxMsflfOb8kxaeQ==

whatwg-url@^5.0.0:
  version "5.0.0"
  resolved "https://registry.yarnpkg.com/whatwg-url/-/whatwg-url-5.0.0.tgz#966454e8765462e37644d3626f6742ce8b70965d"
  integrity sha512-saE57nupxk6v3HY35+jzBwYa0rKSy0XR8JSxZPwgLr7ys0IBzhGviA1/TUGJLmSVqs8pb9AnvICXEuOHLprYTw==
  dependencies:
    tr46 "~0.0.3"
    webidl-conversions "^3.0.0"

zlibjs@^0.3.1:
  version "0.3.1"
  resolved "https://registry.yarnpkg.com/zlibjs/-/zlibjs-0.3.1.tgz#50197edb28a1c42ca659cc8b4e6a9ddd6d444554"
  integrity sha512-+J9RrgTKOmlxFSDHo0pI1xM6BLVUv+o0ZT9ANtCxGkjIVCCUdx9alUF8Gm+dGLKbkkkidWIHFDZHDMpfITt4+w==
